PODS:
  - Realm (4.3.2):
    - Realm/Headers (= 4.3.2)
  - Realm/Headers (4.3.2)
  - RealmSwift (4.3.2):
    - Realm (= 4.3.2)
  - SwiftFormat (0.44.6):
    - SwiftFormat/Core (= 0.44.6)
  - SwiftFormat/Core (0.44.6)
  - SwiftLint (0.39.1)

DEPENDENCIES:
  - Realm
  - RealmSwift
  - SwiftFormat
  - SwiftLint

SPEC REPOS:
  https://github.com/CocoaPods/Specs.git:
    - Realm
    - RealmSwift
    - SwiftFormat
    - SwiftLint

SPEC CHECKSUMS:
  Realm: 5e92902e2875dff4bb0fd02f67bb737c3d5db2bc
  RealmSwift: 9a360fc7bae04fc2e308a34fbd899d5faa2d6b22
  SwiftFormat: 226f259067268a452772fc2bd635bbcecb5ecb09
  SwiftLint: 55e96a4a4d537d4a3156859fc1c54bd24851a046

PODFILE CHECKSUM: 5f9e87bca798051c14ce9b70aef9afc8a91db802

COCOAPODS: 1.9.0
