// !$*UTF8*$!
{
	archiveVersion = 1;
	classes = {
	};
	objectVersion = 51;
	objects = {

/* Begin PBXBuildFile section */
		1AAB9AB480F3CF3FC49DE18C /* Pods_FinalProject.framework in Frameworks */ = {isa = PBXBuildFile; fileRef = A0D6659C62BCC7582572EDBF /* Pods_FinalProject.framework */; };
		AF353C5023D1AFCF006F72A1 /* AppDelegate.swift in Sources */ = {isa = PBXBuildFile; fileRef = AF353C4F23D1AFCF006F72A1 /* AppDelegate.swift */; };
		AF353C5223D1AFCF006F72A1 /* SceneDelegate.swift in Sources */ = {isa = PBXBuildFile; fileRef = AF353C5123D1AFCF006F72A1 /* SceneDelegate.swift */; };
		AF353C5423D1AFCF006F72A1 /* ViewController.swift in Sources */ = {isa = PBXBuildFile; fileRef = AF353C5323D1AFCF006F72A1 /* ViewController.swift */; };
		AF353C5723D1AFCF006F72A1 /* Main.storyboard in Resources */ = {isa = PBXBuildFile; fileRef = AF353C5523D1AFCF006F72A1 /* Main.storyboard */; };
		AF353C5923D1AFD6006F72A1 /* Assets.xcassets in Resources */ = {isa = PBXBuildFile; fileRef = AF353C5823D1AFD6006F72A1 /* Assets.xcassets */; };
		AF353C5C23D1AFD6006F72A1 /* LaunchScreen.storyboard in Resources */ = {isa = PBXBuildFile; fileRef = AF353C5A23D1AFD6006F72A1 /* LaunchScreen.storyboard */; };
		AF353C6423D1B0BE006F72A1 /* NetCore.swift in Sources */ = {isa = PBXBuildFile; fileRef = AF353C6323D1B0BE006F72A1 /* NetCore.swift */; };
		AF353C6623D20459006F72A1 /* MonsterDTO.swift in Sources */ = {isa = PBXBuildFile; fileRef = AF353C6523D20459006F72A1 /* MonsterDTO.swift */; };
		AF353C6823D2526D006F72A1 /* NetRequestsService.swift in Sources */ = {isa = PBXBuildFile; fileRef = AF353C6723D2526C006F72A1 /* NetRequestsService.swift */; };
		AF37151223DDFD3200D357FE /* CorePostService.swift in Sources */ = {isa = PBXBuildFile; fileRef = AF37151123DDFD3200D357FE /* CorePostService.swift */; };
		AF37151423DDFE1D00D357FE /* DBManager.swift in Sources */ = {isa = PBXBuildFile; fileRef = AF37151323DDFE1D00D357FE /* DBManager.swift */; };
		AF37151623DDFEDE00D357FE /* NewDBMonster.swift in Sources */ = {isa = PBXBuildFile; fileRef = AF37151523DDFEDE00D357FE /* NewDBMonster.swift */; };
		AF37151A23DF28E100D357FE /* SwiftClassFactory.swift in Sources */ = {isa = PBXBuildFile; fileRef = AF37151923DF28E100D357FE /* SwiftClassFactory.swift */; };
		AF37151C23DF4B1500D357FE /* StringExtensions.swift in Sources */ = {isa = PBXBuildFile; fileRef = AF37151B23DF4B1500D357FE /* StringExtensions.swift */; };
		AF37151E23DF4B7400D357FE /* ColorExtension.swift in Sources */ = {isa = PBXBuildFile; fileRef = AF37151D23DF4B7400D357FE /* ColorExtension.swift */; };
		AF37152023DF4BB500D357FE /* UIViewControllerExtension.swift in Sources */ = {isa = PBXBuildFile; fileRef = AF37151F23DF4BB500D357FE /* UIViewControllerExtension.swift */; };
		AF37152323DF4C6E00D357FE /* ListExtension.swift in Sources */ = {isa = PBXBuildFile; fileRef = AF37152223DF4C6E00D357FE /* ListExtension.swift */; };
		AF5B17862407000F008F4668 /* JSONAnyDTO.swift in Sources */ = {isa = PBXBuildFile; fileRef = AF5B17852407000F008F4668 /* JSONAnyDTO.swift */; };
		AF5B17912407A413008F4668 /* MyChildFilterViewController.swift in Sources */ = {isa = PBXBuildFile; fileRef = AF5B17902407A413008F4668 /* MyChildFilterViewController.swift */; };
		AF5B17942407BA34008F4668 /* NewFilterViewController.swift in Sources */ = {isa = PBXBuildFile; fileRef = AF5B17922407BA34008F4668 /* NewFilterViewController.swift */; };
		AF5F2EA823F690F800286229 /* MonsterTypeCell.swift in Sources */ = {isa = PBXBuildFile; fileRef = AF5F2EA623F690F800286229 /* MonsterTypeCell.swift */; };
		AF5F2EA923F690F800286229 /* MonsterTypeCell.xib in Resources */ = {isa = PBXBuildFile; fileRef = AF5F2EA723F690F800286229 /* MonsterTypeCell.xib */; };
		AF8F13D32407E1E0003BDDB5 /* SingleFilterPickerViewController.swift in Sources */ = {isa = PBXBuildFile; fileRef = AF8F13D22407E1E0003BDDB5 /* SingleFilterPickerViewController.swift */; };
		AFACEAD62408FCB100F9FBD5 /* Actions.swift in Sources */ = {isa = PBXBuildFile; fileRef = AFACEAD52408FCB100F9FBD5 /* Actions.swift */; };
		AFACEAD82408FCCA00F9FBD5 /* Speed.swift in Sources */ = {isa = PBXBuildFile; fileRef = AFACEAD72408FCCA00F9FBD5 /* Speed.swift */; };
		AFACEADB2408FDD700F9FBD5 /* CommonReqDTO.swift in Sources */ = {isa = PBXBuildFile; fileRef = AFACEADA2408FDD700F9FBD5 /* CommonReqDTO.swift */; };
		AFACEADD2408FDF000F9FBD5 /* SpeedDTO.swift in Sources */ = {isa = PBXBuildFile; fileRef = AFACEADC2408FDF000F9FBD5 /* SpeedDTO.swift */; };
		AFACEADF2408FE1300F9FBD5 /* ActionsDTO.swift in Sources */ = {isa = PBXBuildFile; fileRef = AFACEADE2408FE1300F9FBD5 /* ActionsDTO.swift */; };
		AFACEAE22408FE6600F9FBD5 /* NewDBSpeed.swift in Sources */ = {isa = PBXBuildFile; fileRef = AFACEAE12408FE6600F9FBD5 /* NewDBSpeed.swift */; };
		AFACEAE42408FE8800F9FBD5 /* NewDBActions.swift in Sources */ = {isa = PBXBuildFile; fileRef = AFACEAE32408FE8800F9FBD5 /* NewDBActions.swift */; };
		AFACEAE6240907E900F9FBD5 /* UDService.swift in Sources */ = {isa = PBXBuildFile; fileRef = AFACEAE5240907E900F9FBD5 /* UDService.swift */; };
		AFB8F78B240C5699007F09AB /* MonsterService.swift in Sources */ = {isa = PBXBuildFile; fileRef = AFB8F78A240C5699007F09AB /* MonsterService.swift */; };
		AFC61D0B24085F3900BB3CA4 /* MonsterItem.swift in Sources */ = {isa = PBXBuildFile; fileRef = AFC61D0A24085F3900BB3CA4 /* MonsterItem.swift */; };
		AFC91D9F240C6FAD000FA92D /* MonsterViewModel.swift in Sources */ = {isa = PBXBuildFile; fileRef = AFC91D9E240C6FAD000FA92D /* MonsterViewModel.swift */; };
		AFCC201C24093273004E1E37 /* FilterViewController.swift in Sources */ = {isa = PBXBuildFile; fileRef = AFCC201B24093273004E1E37 /* FilterViewController.swift */; };
		AFD384CE2408E9020054001E /* UniversalItemModel.swift in Sources */ = {isa = PBXBuildFile; fileRef = AFD384CD2408E9020054001E /* UniversalItemModel.swift */; };
		AFE0F6E32407F0C0000D6780 /* TripleFilterPickerViewController.swift in Sources */ = {isa = PBXBuildFile; fileRef = AFE0F6E22407F0C0000D6780 /* TripleFilterPickerViewController.swift */; };
/* End PBXBuildFile section */

/* Begin PBXFileReference section */
		0F4C49A4FE2B449D30AE4655 /* Pods-FinalProject.release.xcconfig */ = {isa = PBXFileReference; includeInIndex = 1; lastKnownFileType = text.xcconfig; name = "Pods-FinalProject.release.xcconfig"; path = "Target Support Files/Pods-FinalProject/Pods-FinalProject.release.xcconfig"; sourceTree = "<group>"; };
		93928ACA7AD0B2088D070D3D /* Pods-FinalProject.debug.xcconfig */ = {isa = PBXFileReference; includeInIndex = 1; lastKnownFileType = text.xcconfig; name = "Pods-FinalProject.debug.xcconfig"; path = "Target Support Files/Pods-FinalProject/Pods-FinalProject.debug.xcconfig"; sourceTree = "<group>"; };
		A0D6659C62BCC7582572EDBF /* Pods_FinalProject.framework */ = {isa = PBXFileReference; explicitFileType = wrapper.framework; includeInIndex = 0; path = Pods_FinalProject.framework; sourceTree = BUILT_PRODUCTS_DIR; };
		AF353C4C23D1AFCF006F72A1 /* FinalProject.app */ = {isa = PBXFileReference; explicitFileType = wrapper.application; includeInIndex = 0; path = FinalProject.app; sourceTree = BUILT_PRODUCTS_DIR; };
		AF353C4F23D1AFCF006F72A1 /* AppDelegate.swift */ = {isa = PBXFileReference; lastKnownFileType = sourcecode.swift; path = AppDelegate.swift; sourceTree = "<group>"; };
		AF353C5123D1AFCF006F72A1 /* SceneDelegate.swift */ = {isa = PBXFileReference; lastKnownFileType = sourcecode.swift; path = SceneDelegate.swift; sourceTree = "<group>"; };
		AF353C5323D1AFCF006F72A1 /* ViewController.swift */ = {isa = PBXFileReference; lastKnownFileType = sourcecode.swift; path = ViewController.swift; sourceTree = "<group>"; };
		AF353C5623D1AFCF006F72A1 /* Base */ = {isa = PBXFileReference; lastKnownFileType = file.storyboard; name = Base; path = Base.lproj/Main.storyboard; sourceTree = "<group>"; };
		AF353C5823D1AFD6006F72A1 /* Assets.xcassets */ = {isa = PBXFileReference; lastKnownFileType = folder.assetcatalog; path = Assets.xcassets; sourceTree = "<group>"; };
		AF353C5B23D1AFD6006F72A1 /* Base */ = {isa = PBXFileReference; lastKnownFileType = file.storyboard; name = Base; path = Base.lproj/LaunchScreen.storyboard; sourceTree = "<group>"; };
		AF353C5D23D1AFD6006F72A1 /* Info.plist */ = {isa = PBXFileReference; lastKnownFileType = text.plist.xml; path = Info.plist; sourceTree = "<group>"; };
		AF353C6323D1B0BE006F72A1 /* NetCore.swift */ = {isa = PBXFileReference; lastKnownFileType = sourcecode.swift; path = NetCore.swift; sourceTree = "<group>"; };
		AF353C6523D20459006F72A1 /* MonsterDTO.swift */ = {isa = PBXFileReference; lastKnownFileType = sourcecode.swift; path = MonsterDTO.swift; sourceTree = "<group>"; };
		AF353C6723D2526C006F72A1 /* NetRequestsService.swift */ = {isa = PBXFileReference; lastKnownFileType = sourcecode.swift; path = NetRequestsService.swift; sourceTree = "<group>"; };
		AF37151123DDFD3200D357FE /* CorePostService.swift */ = {isa = PBXFileReference; lastKnownFileType = sourcecode.swift; path = CorePostService.swift; sourceTree = "<group>"; };
		AF37151323DDFE1D00D357FE /* DBManager.swift */ = {isa = PBXFileReference; lastKnownFileType = sourcecode.swift; path = DBManager.swift; sourceTree = "<group>"; };
		AF37151523DDFEDE00D357FE /* NewDBMonster.swift */ = {isa = PBXFileReference; lastKnownFileType = sourcecode.swift; path = NewDBMonster.swift; sourceTree = "<group>"; };
		AF37151923DF28E100D357FE /* SwiftClassFactory.swift */ = {isa = PBXFileReference; lastKnownFileType = sourcecode.swift; path = SwiftClassFactory.swift; sourceTree = "<group>"; };
		AF37151B23DF4B1500D357FE /* StringExtensions.swift */ = {isa = PBXFileReference; lastKnownFileType = sourcecode.swift; path = StringExtensions.swift; sourceTree = "<group>"; };
		AF37151D23DF4B7400D357FE /* ColorExtension.swift */ = {isa = PBXFileReference; lastKnownFileType = sourcecode.swift; path = ColorExtension.swift; sourceTree = "<group>"; };
		AF37151F23DF4BB500D357FE /* UIViewControllerExtension.swift */ = {isa = PBXFileReference; lastKnownFileType = sourcecode.swift; path = UIViewControllerExtension.swift; sourceTree = "<group>"; };
		AF37152223DF4C6E00D357FE /* ListExtension.swift */ = {isa = PBXFileReference; lastKnownFileType = sourcecode.swift; path = ListExtension.swift; sourceTree = "<group>"; };
		AF5B17852407000F008F4668 /* JSONAnyDTO.swift */ = {isa = PBXFileReference; lastKnownFileType = sourcecode.swift; path = JSONAnyDTO.swift; sourceTree = "<group>"; };
		AF5B17902407A413008F4668 /* MyChildFilterViewController.swift */ = {isa = PBXFileReference; lastKnownFileType = sourcecode.swift; path = MyChildFilterViewController.swift; sourceTree = "<group>"; };
		AF5B17922407BA34008F4668 /* NewFilterViewController.swift */ = {isa = PBXFileReference; lastKnownFileType = sourcecode.swift; path = NewFilterViewController.swift; sourceTree = "<group>"; };
		AF5F2EA623F690F800286229 /* MonsterTypeCell.swift */ = {isa = PBXFileReference; lastKnownFileType = sourcecode.swift; path = MonsterTypeCell.swift; sourceTree = "<group>"; };
		AF5F2EA723F690F800286229 /* MonsterTypeCell.xib */ = {isa = PBXFileReference; lastKnownFileType = file.xib; path = MonsterTypeCell.xib; sourceTree = "<group>"; };
		AF8F13D22407E1E0003BDDB5 /* SingleFilterPickerViewController.swift */ = {isa = PBXFileReference; lastKnownFileType = sourcecode.swift; path = SingleFilterPickerViewController.swift; sourceTree = "<group>"; };
		AFACEAD52408FCB100F9FBD5 /* Actions.swift */ = {isa = PBXFileReference; lastKnownFileType = sourcecode.swift; path = Actions.swift; sourceTree = "<group>"; };
		AFACEAD72408FCCA00F9FBD5 /* Speed.swift */ = {isa = PBXFileReference; lastKnownFileType = sourcecode.swift; path = Speed.swift; sourceTree = "<group>"; };
		AFACEADA2408FDD700F9FBD5 /* CommonReqDTO.swift */ = {isa = PBXFileReference; lastKnownFileType = sourcecode.swift; path = CommonReqDTO.swift; sourceTree = "<group>"; };
		AFACEADC2408FDF000F9FBD5 /* SpeedDTO.swift */ = {isa = PBXFileReference; lastKnownFileType = sourcecode.swift; path = SpeedDTO.swift; sourceTree = "<group>"; };
		AFACEADE2408FE1300F9FBD5 /* ActionsDTO.swift */ = {isa = PBXFileReference; lastKnownFileType = sourcecode.swift; path = ActionsDTO.swift; sourceTree = "<group>"; };
		AFACEAE12408FE6600F9FBD5 /* NewDBSpeed.swift */ = {isa = PBXFileReference; lastKnownFileType = sourcecode.swift; path = NewDBSpeed.swift; sourceTree = "<group>"; };
		AFACEAE32408FE8800F9FBD5 /* NewDBActions.swift */ = {isa = PBXFileReference; lastKnownFileType = sourcecode.swift; path = NewDBActions.swift; sourceTree = "<group>"; };
		AFACEAE5240907E900F9FBD5 /* UDService.swift */ = {isa = PBXFileReference; lastKnownFileType = sourcecode.swift; path = UDService.swift; sourceTree = "<group>"; };
		AFB8F78A240C5699007F09AB /* MonsterService.swift */ = {isa = PBXFileReference; lastKnownFileType = sourcecode.swift; path = MonsterService.swift; sourceTree = "<group>"; };
		AFC61D0A24085F3900BB3CA4 /* MonsterItem.swift */ = {isa = PBXFileReference; lastKnownFileType = sourcecode.swift; path = MonsterItem.swift; sourceTree = "<group>"; };
		AFC91D9E240C6FAD000FA92D /* MonsterViewModel.swift */ = {isa = PBXFileReference; fileEncoding = 4; lastKnownFileType = sourcecode.swift; path = MonsterViewModel.swift; sourceTree = "<group>"; };
		AFCC201B24093273004E1E37 /* FilterViewController.swift */ = {isa = PBXFileReference; lastKnownFileType = sourcecode.swift; path = FilterViewController.swift; sourceTree = "<group>"; };
		AFD384CD2408E9020054001E /* UniversalItemModel.swift */ = {isa = PBXFileReference; lastKnownFileType = sourcecode.swift; path = UniversalItemModel.swift; sourceTree = "<group>"; };
		AFE0F6E22407F0C0000D6780 /* TripleFilterPickerViewController.swift */ = {isa = PBXFileReference; lastKnownFileType = sourcecode.swift; path = TripleFilterPickerViewController.swift; sourceTree = "<group>"; };
/* End PBXFileReference section */

/* Begin PBXFrameworksBuildPhase section */
		AF353C4923D1AFCF006F72A1 /* Frameworks */ = {
			isa = PBXFrameworksBuildPhase;
			buildActionMask = 2147483647;
			files = (
				1AAB9AB480F3CF3FC49DE18C /* Pods_FinalProject.framework in Frameworks */,
			);
			runOnlyForDeploymentPostprocessing = 0;
		};
/* End PBXFrameworksBuildPhase section */

/* Begin PBXGroup section */
		120A595F528B104E605D7A68 /* Pods */ = {
			isa = PBXGroup;
			children = (
				93928ACA7AD0B2088D070D3D /* Pods-FinalProject.debug.xcconfig */,
				0F4C49A4FE2B449D30AE4655 /* Pods-FinalProject.release.xcconfig */,
			);
			path = Pods;
			sourceTree = "<group>";
		};
		2C5612C7367C268AB5E24FA8 /* Frameworks */ = {
			isa = PBXGroup;
			children = (
				A0D6659C62BCC7582572EDBF /* Pods_FinalProject.framework */,
			);
			name = Frameworks;
			sourceTree = "<group>";
		};
		AF353C4323D1AFCF006F72A1 = {
			isa = PBXGroup;
			children = (
				AF353C4E23D1AFCF006F72A1 /* FinalProject */,
				AF353C4D23D1AFCF006F72A1 /* Products */,
				120A595F528B104E605D7A68 /* Pods */,
				2C5612C7367C268AB5E24FA8 /* Frameworks */,
			);
			sourceTree = "<group>";
		};
		AF353C4D23D1AFCF006F72A1 /* Products */ = {
			isa = PBXGroup;
			children = (
				AF353C4C23D1AFCF006F72A1 /* FinalProject.app */,
			);
			name = Products;
			sourceTree = "<group>";
		};
		AF353C4E23D1AFCF006F72A1 /* FinalProject */ = {
			isa = PBXGroup;
			children = (
				AFC91D9A240C6E71000FA92D /* UI */,
				AFC61D09240857EE00BB3CA4 /* Services */,
				AFC61D0C2408E64200BB3CA4 /* Core */,
				AF37152123DF4BD000D357FE /* Extensions */,
				AFC91D9B240C6E94000FA92D /* Factory */,
				AF353C4F23D1AFCF006F72A1 /* AppDelegate.swift */,
				AF353C5123D1AFCF006F72A1 /* SceneDelegate.swift */,
				AF353C5523D1AFCF006F72A1 /* Main.storyboard */,
				AF353C5823D1AFD6006F72A1 /* Assets.xcassets */,
				AF353C5A23D1AFD6006F72A1 /* LaunchScreen.storyboard */,
				AF353C5D23D1AFD6006F72A1 /* Info.plist */,
			);
			path = FinalProject;
			sourceTree = "<group>";
		};
		AF37152123DF4BD000D357FE /* Extensions */ = {
			isa = PBXGroup;
			children = (
				AF37151F23DF4BB500D357FE /* UIViewControllerExtension.swift */,
				AF37151D23DF4B7400D357FE /* ColorExtension.swift */,
				AF37151B23DF4B1500D357FE /* StringExtensions.swift */,
				AF37152223DF4C6E00D357FE /* ListExtension.swift */,
			);
			path = Extensions;
			sourceTree = "<group>";
		};
		AFACEAD42408FC8000F9FBD5 /* ServiceItemClasses */ = {
			isa = PBXGroup;
			children = (
				AFC61D0A24085F3900BB3CA4 /* MonsterItem.swift */,
				AFACEAD52408FCB100F9FBD5 /* Actions.swift */,
				AFACEAD72408FCCA00F9FBD5 /* Speed.swift */,
			);
			path = ServiceItemClasses;
			sourceTree = "<group>";
		};
		AFACEAD92408FDAA00F9FBD5 /* DTO */ = {
			isa = PBXGroup;
			children = (
				AF5B17852407000F008F4668 /* JSONAnyDTO.swift */,
				AF353C6523D20459006F72A1 /* MonsterDTO.swift */,
				AFACEADC2408FDF000F9FBD5 /* SpeedDTO.swift */,
				AFACEADA2408FDD700F9FBD5 /* CommonReqDTO.swift */,
				AFACEADE2408FE1300F9FBD5 /* ActionsDTO.swift */,
			);
			path = DTO;
			sourceTree = "<group>";
		};
		AFACEAE02408FE2A00F9FBD5 /* DBItemClasses */ = {
			isa = PBXGroup;
			children = (
				AF37151523DDFEDE00D357FE /* NewDBMonster.swift */,
				AFACEAE12408FE6600F9FBD5 /* NewDBSpeed.swift */,
				AFACEAE32408FE8800F9FBD5 /* NewDBActions.swift */,
			);
			path = DBItemClasses;
			sourceTree = "<group>";
		};
		AFC61D072408570600BB3CA4 /* ViewControllers */ = {
			isa = PBXGroup;
			children = (
				AF5B17922407BA34008F4668 /* NewFilterViewController.swift */,
				AF8F13D22407E1E0003BDDB5 /* SingleFilterPickerViewController.swift */,
				AFE0F6E22407F0C0000D6780 /* TripleFilterPickerViewController.swift */,
				AF5B17902407A413008F4668 /* MyChildFilterViewController.swift */,
				AF353C5323D1AFCF006F72A1 /* ViewController.swift */,
				AFCC201B24093273004E1E37 /* FilterViewController.swift */,
			);
			path = ViewControllers;
			sourceTree = "<group>";
		};
		AFC61D082408574300BB3CA4 /* XIB */ = {
			isa = PBXGroup;
			children = (
				AF5F2EA623F690F800286229 /* MonsterTypeCell.swift */,
				AF5F2EA723F690F800286229 /* MonsterTypeCell.xib */,
			);
			path = XIB;
			sourceTree = "<group>";
		};
		AFC61D09240857EE00BB3CA4 /* Services */ = {
			isa = PBXGroup;
			children = (
				AFACEAD42408FC8000F9FBD5 /* ServiceItemClasses */,
				AFB8F78A240C5699007F09AB /* MonsterService.swift */,
				AF353C6723D2526C006F72A1 /* NetRequestsService.swift */,
				AFACEAE5240907E900F9FBD5 /* UDService.swift */,
			);
			path = Services;
			sourceTree = "<group>";
		};
		AFC61D0C2408E64200BB3CA4 /* Core */ = {
			isa = PBXGroup;
			children = (
				AFD384CD2408E9020054001E /* UniversalItemModel.swift */,
				AFC61D0D2408E6DB00BB3CA4 /* Network */,
				AFC61D0E2408E75100BB3CA4 /* DB */,
				AF37151123DDFD3200D357FE /* CorePostService.swift */,
			);
			path = Core;
			sourceTree = "<group>";
		};
		AFC61D0D2408E6DB00BB3CA4 /* Network */ = {
			isa = PBXGroup;
			children = (
				AFACEAD92408FDAA00F9FBD5 /* DTO */,
				AF353C6323D1B0BE006F72A1 /* NetCore.swift */,
			);
			path = Network;
			sourceTree = "<group>";
		};
		AFC61D0E2408E75100BB3CA4 /* DB */ = {
			isa = PBXGroup;
			children = (
				AFACEAE02408FE2A00F9FBD5 /* DBItemClasses */,
				AF37151323DDFE1D00D357FE /* DBManager.swift */,
			);
			path = DB;
			sourceTree = "<group>";
		};
		AFC91D9A240C6E71000FA92D /* UI */ = {
			isa = PBXGroup;
			children = (
				AFC91D9E240C6FAD000FA92D /* MonsterViewModel.swift */,
				AFC61D082408574300BB3CA4 /* XIB */,
				AFC61D072408570600BB3CA4 /* ViewControllers */,
			);
			path = UI;
			sourceTree = "<group>";
		};
		AFC91D9B240C6E94000FA92D /* Factory */ = {
			isa = PBXGroup;
			children = (
				AF37151923DF28E100D357FE /* SwiftClassFactory.swift */,
			);
			path = Factory;
			sourceTree = "<group>";
		};
/* End PBXGroup section */

/* Begin PBXNativeTarget section */
		AF353C4B23D1AFCF006F72A1 /* FinalProject */ = {
			isa = PBXNativeTarget;
			buildConfigurationList = AF353C6023D1AFD6006F72A1 /* Build configuration list for PBXNativeTarget "FinalProject" */;
			buildPhases = (
				043C0D4C2F4345D106E31D60 /* [CP] Check Pods Manifest.lock */,
				AF353C4823D1AFCF006F72A1 /* Sources */,
				AF353C4923D1AFCF006F72A1 /* Frameworks */,
				AF353C4A23D1AFCF006F72A1 /* Resources */,
				2CD889D69FC34545D5EA3E6E /* [CP] Embed Pods Frameworks */,
				AFE0F6E5240840E5000D6780 /* ShellScript */,
				AFE0F6E424083EBE000D6780 /* ShellScript */,
			);
			buildRules = (
			);
			dependencies = (
			);
			name = FinalProject;
			productName = FinalProject;
			productReference = AF353C4C23D1AFCF006F72A1 /* FinalProject.app */;
			productType = "com.apple.product-type.application";
		};
/* End PBXNativeTarget section */

/* Begin PBXProject section */
		AF353C4423D1AFCF006F72A1 /* Project object */ = {
			isa = PBXProject;
			attributes = {
				LastSwiftUpdateCheck = 1120;
				LastUpgradeCheck = 1120;
				ORGANIZATIONNAME = "Дмитрий Яковлев";
				TargetAttributes = {
					AF353C4B23D1AFCF006F72A1 = {
						CreatedOnToolsVersion = 11.2.1;
					};
				};
			};
			buildConfigurationList = AF353C4723D1AFCF006F72A1 /* Build configuration list for PBXProject "FinalProject" */;
			compatibilityVersion = "Xcode 9.3";
			developmentRegion = en;
			hasScannedForEncodings = 0;
			knownRegions = (
				en,
				Base,
			);
			mainGroup = AF353C4323D1AFCF006F72A1;
			productRefGroup = AF353C4D23D1AFCF006F72A1 /* Products */;
			projectDirPath = "";
			projectRoot = "";
			targets = (
				AF353C4B23D1AFCF006F72A1 /* FinalProject */,
			);
		};
/* End PBXProject section */

/* Begin PBXResourcesBuildPhase section */
		AF353C4A23D1AFCF006F72A1 /* Resources */ = {
			isa = PBXResourcesBuildPhase;
			buildActionMask = 2147483647;
			files = (
				AF353C5C23D1AFD6006F72A1 /* LaunchScreen.storyboard in Resources */,
				AF353C5923D1AFD6006F72A1 /* Assets.xcassets in Resources */,
				AF5F2EA923F690F800286229 /* MonsterTypeCell.xib in Resources */,
				AF353C5723D1AFCF006F72A1 /* Main.storyboard in Resources */,
			);
			runOnlyForDeploymentPostprocessing = 0;
		};
/* End PBXResourcesBuildPhase section */

/* Begin PBXShellScriptBuildPhase section */
		043C0D4C2F4345D106E31D60 /* [CP] Check Pods Manifest.lock */ = {
			isa = PBXShellScriptBuildPhase;
			buildActionMask = 2147483647;
			files = (
			);
			inputFileListPaths = (
			);
			inputPaths = (
				"${PODS_PODFILE_DIR_PATH}/Podfile.lock",
				"${PODS_ROOT}/Manifest.lock",
			);
			name = "[CP] Check Pods Manifest.lock";
			outputFileListPaths = (
			);
			outputPaths = (
				"$(DERIVED_FILE_DIR)/Pods-FinalProject-checkManifestLockResult.txt",
			);
			runOnlyForDeploymentPostprocessing = 0;
			shellPath = /bin/sh;
			shellScript = "diff \"${PODS_PODFILE_DIR_PATH}/Podfile.lock\" \"${PODS_ROOT}/Manifest.lock\" > /dev/null\nif [ $? != 0 ] ; then\n    # print error to STDERR\n    echo \"error: The sandbox is not in sync with the Podfile.lock. Run 'pod install' or update your CocoaPods installation.\" >&2\n    exit 1\nfi\n# This output is used by Xcode 'outputs' to avoid re-running this script phase.\necho \"SUCCESS\" > \"${SCRIPT_OUTPUT_FILE_0}\"\n";
			showEnvVarsInLog = 0;
		};
		2CD889D69FC34545D5EA3E6E /* [CP] Embed Pods Frameworks */ = {
			isa = PBXShellScriptBuildPhase;
			buildActionMask = 2147483647;
			files = (
			);
			inputFileListPaths = (
				"${PODS_ROOT}/Target Support Files/Pods-FinalProject/Pods-FinalProject-frameworks-${CONFIGURATION}-input-files.xcfilelist",
			);
			name = "[CP] Embed Pods Frameworks";
			outputFileListPaths = (
				"${PODS_ROOT}/Target Support Files/Pods-FinalProject/Pods-FinalProject-frameworks-${CONFIGURATION}-output-files.xcfilelist",
			);
			runOnlyForDeploymentPostprocessing = 0;
			shellPath = /bin/sh;
			shellScript = "\"${PODS_ROOT}/Target Support Files/Pods-FinalProject/Pods-FinalProject-frameworks.sh\"\n\n";
			showEnvVarsInLog = 0;
		};
		AFE0F6E424083EBE000D6780 /* ShellScript */ = {
			isa = PBXShellScriptBuildPhase;
			buildActionMask = 2147483647;
			files = (
			);
			inputFileListPaths = (
			);
			inputPaths = (
			);
			outputFileListPaths = (
			);
			outputPaths = (
			);
			runOnlyForDeploymentPostprocessing = 0;
			shellPath = /bin/sh;
			shellScript = "# Type a script or drag a script file from your workspace to insert its path.\nif which swiftlint >/dev/null; then\n  swiftlint\nelse\n  echo \"error: SwiftLint does not exist, download it from https://github.com/realm/SwiftLint\"\n  exit 1\nfi\n";
		};
		AFE0F6E5240840E5000D6780 /* ShellScript */ = {
			isa = PBXShellScriptBuildPhase;
			buildActionMask = 2147483647;
			files = (
			);
			inputFileListPaths = (
			);
			inputPaths = (
			);
			outputFileListPaths = (
			);
			outputPaths = (
			);
			runOnlyForDeploymentPostprocessing = 0;
			shellPath = /bin/sh;
			shellScript = "# Type a script or drag a script file from your workspace to insert its path.\n\nif which swiftformat >/dev/null; then\n  swiftformat .\nelse\n  echo \"warning: SwiftFormat not installed, download from https://github.com/nicklockwood/SwiftFormat\"\nfi\n";
		};
/* End PBXShellScriptBuildPhase section */

/* Begin PBXSourcesBuildPhase section */
		AF353C4823D1AFCF006F72A1 /* Sources */ = {
			isa = PBXSourcesBuildPhase;
			buildActionMask = 2147483647;
			files = (
				AF37151C23DF4B1500D357FE /* StringExtensions.swift in Sources */,
				AFD384CE2408E9020054001E /* UniversalItemModel.swift in Sources */,
				AFACEAE6240907E900F9FBD5 /* UDService.swift in Sources */,
				AF37151623DDFEDE00D357FE /* NewDBMonster.swift in Sources */,
				AFACEAD82408FCCA00F9FBD5 /* Speed.swift in Sources */,
				AF353C6623D20459006F72A1 /* MonsterDTO.swift in Sources */,
				AF37151223DDFD3200D357FE /* CorePostService.swift in Sources */,
				AF37151A23DF28E100D357FE /* SwiftClassFactory.swift in Sources */,
				AF353C6823D2526D006F72A1 /* NetRequestsService.swift in Sources */,
				AFC91D9F240C6FAD000FA92D /* MonsterViewModel.swift in Sources */,
				AF37151423DDFE1D00D357FE /* DBManager.swift in Sources */,
				AFACEADF2408FE1300F9FBD5 /* ActionsDTO.swift in Sources */,
				AFACEAD62408FCB100F9FBD5 /* Actions.swift in Sources */,
				AF5B17912407A413008F4668 /* MyChildFilterViewController.swift in Sources */,
				AFACEADB2408FDD700F9FBD5 /* CommonReqDTO.swift in Sources */,
				AF5B17862407000F008F4668 /* JSONAnyDTO.swift in Sources */,
				AF5B17942407BA34008F4668 /* NewFilterViewController.swift in Sources */,
				AFACEAE22408FE6600F9FBD5 /* NewDBSpeed.swift in Sources */,
				AFB8F78B240C5699007F09AB /* MonsterService.swift in Sources */,
				AF353C5423D1AFCF006F72A1 /* ViewController.swift in Sources */,
				AF37152323DF4C6E00D357FE /* ListExtension.swift in Sources */,
				AFC61D0B24085F3900BB3CA4 /* MonsterItem.swift in Sources */,
				AF5F2EA823F690F800286229 /* MonsterTypeCell.swift in Sources */,
				AFACEADD2408FDF000F9FBD5 /* SpeedDTO.swift in Sources */,
				AF353C6423D1B0BE006F72A1 /* NetCore.swift in Sources */,
				AF353C5023D1AFCF006F72A1 /* AppDelegate.swift in Sources */,
				AFACEAE42408FE8800F9FBD5 /* NewDBActions.swift in Sources */,
				AFCC201C24093273004E1E37 /* FilterViewController.swift in Sources */,
				AF353C5223D1AFCF006F72A1 /* SceneDelegate.swift in Sources */,
				AF37152023DF4BB500D357FE /* UIViewControllerExtension.swift in Sources */,
				AFE0F6E32407F0C0000D6780 /* TripleFilterPickerViewController.swift in Sources */,
				AF8F13D32407E1E0003BDDB5 /* SingleFilterPickerViewController.swift in Sources */,
				AF37151E23DF4B7400D357FE /* ColorExtension.swift in Sources */,
			);
			runOnlyForDeploymentPostprocessing = 0;
		};
/* End PBXSourcesBuildPhase section */

/* Begin PBXVariantGroup section */
		AF353C5523D1AFCF006F72A1 /* Main.storyboard */ = {
			isa = PBXVariantGroup;
			children = (
				AF353C5623D1AFCF006F72A1 /* Base */,
			);
			name = Main.storyboard;
			sourceTree = "<group>";
		};
		AF353C5A23D1AFD6006F72A1 /* LaunchScreen.storyboard */ = {
			isa = PBXVariantGroup;
			children = (
				AF353C5B23D1AFD6006F72A1 /* Base */,
			);
			name = LaunchScreen.storyboard;
			sourceTree = "<group>";
		};
/* End PBXVariantGroup section */

/* Begin XCBuildConfiguration section */
		AF353C5E23D1AFD6006F72A1 /* Debug */ = {
			isa = XCBuildConfiguration;
			buildSettings = {
				ALWAYS_SEARCH_USER_PATHS = NO;
				CLANG_ANALYZER_NONNULL = YES;
				CLANG_ANALYZER_NUMBER_OBJECT_CONVERSION = YES_AGGRESSIVE;
				CLANG_CXX_LANGUAGE_STANDARD = "gnu++14";
				CLANG_CXX_LIBRARY = "libc++";
				CLANG_ENABLE_MODULES = YES;
				CLANG_ENABLE_OBJC_ARC = YES;
				CLANG_ENABLE_OBJC_WEAK = YES;
				CLANG_WARN_BLOCK_CAPTURE_AUTORELEASING = YES;
				CLANG_WARN_BOOL_CONVERSION = YES;
				CLANG_WARN_COMMA = YES;
				CLANG_WARN_CONSTANT_CONVERSION = YES;
				CLANG_WARN_DEPRECATED_OBJC_IMPLEMENTATIONS = YES;
				CLANG_WARN_DIRECT_OBJC_ISA_USAGE = YES_ERROR;
				CLANG_WARN_DOCUMENTATION_COMMENTS = YES;
				CLANG_WARN_EMPTY_BODY = YES;
				CLANG_WARN_ENUM_CONVERSION = YES;
				CLANG_WARN_INFINITE_RECURSION = YES;
				CLANG_WARN_INT_CONVERSION = YES;
				CLANG_WARN_NON_LITERAL_NULL_CONVERSION = YES;
				CLANG_WARN_OBJC_IMPLICIT_RETAIN_SELF = YES;
				CLANG_WARN_OBJC_LITERAL_CONVERSION = YES;
				CLANG_WARN_OBJC_ROOT_CLASS = YES_ERROR;
				CLANG_WARN_RANGE_LOOP_ANALYSIS = YES;
				CLANG_WARN_STRICT_PROTOTYPES = YES;
				CLANG_WARN_SUSPICIOUS_MOVE = YES;
				CLANG_WARN_UNGUARDED_AVAILABILITY = YES_AGGRESSIVE;
				CLANG_WARN_UNREACHABLE_CODE = YES;
				CLANG_WARN__DUPLICATE_METHOD_MATCH = YES;
				COPY_PHASE_STRIP = NO;
				DEBUG_INFORMATION_FORMAT = dwarf;
				ENABLE_STRICT_OBJC_MSGSEND = YES;
				ENABLE_TESTABILITY = YES;
				GCC_C_LANGUAGE_STANDARD = gnu11;
				GCC_DYNAMIC_NO_PIC = NO;
				GCC_NO_COMMON_BLOCKS = YES;
				GCC_OPTIMIZATION_LEVEL = 0;
				GCC_PREPROCESSOR_DEFINITIONS = (
					"DEBUG=1",
					"$(inherited)",
				);
				GCC_WARN_64_TO_32_BIT_CONVERSION = YES;
				GCC_WARN_ABOUT_RETURN_TYPE = YES_ERROR;
				GCC_WARN_UNDECLARED_SELECTOR = YES;
				GCC_WARN_UNINITIALIZED_AUTOS = YES_AGGRESSIVE;
				GCC_WARN_UNUSED_FUNCTION = YES;
				GCC_WARN_UNUSED_VARIABLE = YES;
				IPHONEOS_DEPLOYMENT_TARGET = 13.2;
				MTL_ENABLE_DEBUG_INFO = INCLUDE_SOURCE;
				MTL_FAST_MATH = YES;
				ONLY_ACTIVE_ARCH = YES;
				SDKROOT = iphoneos;
				SWIFT_ACTIVE_COMPILATION_CONDITIONS = DEBUG;
				SWIFT_OPTIMIZATION_LEVEL = "-Onone";
			};
			name = Debug;
		};
		AF353C5F23D1AFD6006F72A1 /* Release */ = {
			isa = XCBuildConfiguration;
			buildSettings = {
				ALWAYS_SEARCH_USER_PATHS = NO;
				CLANG_ANALYZER_NONNULL = YES;
				CLANG_ANALYZER_NUMBER_OBJECT_CONVERSION = YES_AGGRESSIVE;
				CLANG_CXX_LANGUAGE_STANDARD = "gnu++14";
				CLANG_CXX_LIBRARY = "libc++";
				CLANG_ENABLE_MODULES = YES;
				CLANG_ENABLE_OBJC_ARC = YES;
				CLANG_ENABLE_OBJC_WEAK = YES;
				CLANG_WARN_BLOCK_CAPTURE_AUTORELEASING = YES;
				CLANG_WARN_BOOL_CONVERSION = YES;
				CLANG_WARN_COMMA = YES;
				CLANG_WARN_CONSTANT_CONVERSION = YES;
				CLANG_WARN_DEPRECATED_OBJC_IMPLEMENTATIONS = YES;
				CLANG_WARN_DIRECT_OBJC_ISA_USAGE = YES_ERROR;
				CLANG_WARN_DOCUMENTATION_COMMENTS = YES;
				CLANG_WARN_EMPTY_BODY = YES;
				CLANG_WARN_ENUM_CONVERSION = YES;
				CLANG_WARN_INFINITE_RECURSION = YES;
				CLANG_WARN_INT_CONVERSION = YES;
				CLANG_WARN_NON_LITERAL_NULL_CONVERSION = YES;
				CLANG_WARN_OBJC_IMPLICIT_RETAIN_SELF = YES;
				CLANG_WARN_OBJC_LITERAL_CONVERSION = YES;
				CLANG_WARN_OBJC_ROOT_CLASS = YES_ERROR;
				CLANG_WARN_RANGE_LOOP_ANALYSIS = YES;
				CLANG_WARN_STRICT_PROTOTYPES = YES;
				CLANG_WARN_SUSPICIOUS_MOVE = YES;
				CLANG_WARN_UNGUARDED_AVAILABILITY = YES_AGGRESSIVE;
				CLANG_WARN_UNREACHABLE_CODE = YES;
				CLANG_WARN__DUPLICATE_METHOD_MATCH = YES;
				COPY_PHASE_STRIP = NO;
				DEBUG_INFORMATION_FORMAT = "dwarf-with-dsym";
				ENABLE_NS_ASSERTIONS = NO;
				ENABLE_STRICT_OBJC_MSGSEND = YES;
				GCC_C_LANGUAGE_STANDARD = gnu11;
				GCC_NO_COMMON_BLOCKS = YES;
				GCC_WARN_64_TO_32_BIT_CONVERSION = YES;
				GCC_WARN_ABOUT_RETURN_TYPE = YES_ERROR;
				GCC_WARN_UNDECLARED_SELECTOR = YES;
				GCC_WARN_UNINITIALIZED_AUTOS = YES_AGGRESSIVE;
				GCC_WARN_UNUSED_FUNCTION = YES;
				GCC_WARN_UNUSED_VARIABLE = YES;
				IPHONEOS_DEPLOYMENT_TARGET = 13.2;
				MTL_ENABLE_DEBUG_INFO = NO;
				MTL_FAST_MATH = YES;
				SDKROOT = iphoneos;
				SWIFT_COMPILATION_MODE = wholemodule;
				SWIFT_OPTIMIZATION_LEVEL = "-O";
				VALIDATE_PRODUCT = YES;
			};
			name = Release;
		};
		AF353C6123D1AFD6006F72A1 /* Debug */ = {
			isa = XCBuildConfiguration;
			baseConfigurationReference = 93928ACA7AD0B2088D070D3D /* Pods-FinalProject.debug.xcconfig */;
			buildSettings = {
				ASSETCATALOG_COMPILER_APPICON_NAME = AppIcon;
				CODE_SIGN_STYLE = Automatic;
				INFOPLIST_FILE = FinalProject/Info.plist;
				LD_RUNPATH_SEARCH_PATHS = (
					"$(inherited)",
					"@executable_path/Frameworks",
				);
				PRODUCT_BUNDLE_IDENTIFIER = test.FinalProject;
				PRODUCT_NAME = "$(TARGET_NAME)";
				SWIFT_VERSION = 5.0;
				TARGETED_DEVICE_FAMILY = "1,2";
			};
			name = Debug;
		};
		AF353C6223D1AFD6006F72A1 /* Release */ = {
			isa = XCBuildConfiguration;
			baseConfigurationReference = 0F4C49A4FE2B449D30AE4655 /* Pods-FinalProject.release.xcconfig */;
			buildSettings = {
				ASSETCATALOG_COMPILER_APPICON_NAME = AppIcon;
				CODE_SIGN_STYLE = Automatic;
				INFOPLIST_FILE = FinalProject/Info.plist;
				LD_RUNPATH_SEARCH_PATHS = (
					"$(inherited)",
					"@executable_path/Frameworks",
				);
				PRODUCT_BUNDLE_IDENTIFIER = test.FinalProject;
				PRODUCT_NAME = "$(TARGET_NAME)";
				SWIFT_VERSION = 5.0;
				TARGETED_DEVICE_FAMILY = "1,2";
			};
			name = Release;
		};
/* End XCBuildConfiguration section */

/* Begin XCConfigurationList section */
		AF353C4723D1AFCF006F72A1 /* Build configuration list for PBXProject "FinalProject" */ = {
			isa = XCConfigurationList;
			buildConfigurations = (
				AF353C5E23D1AFD6006F72A1 /* Debug */,
				AF353C5F23D1AFD6006F72A1 /* Release */,
			);
			defaultConfigurationIsVisible = 0;
			defaultConfigurationName = Release;
		};
		AF353C6023D1AFD6006F72A1 /* Build configuration list for PBXNativeTarget "FinalProject" */ = {
			isa = XCConfigurationList;
			buildConfigurations = (
				AF353C6123D1AFD6006F72A1 /* Debug */,
				AF353C6223D1AFD6006F72A1 /* Release */,
			);
			defaultConfigurationIsVisible = 0;
			defaultConfigurationName = Release;
		};
/* End XCConfigurationList section */
	};
	rootObject = AF353C4423D1AFCF006F72A1 /* Project object */;
}
